lockfileVersion: 5.4

importers:

  .:
    specifiers:
      '@bazel/buildozer': ^5.1.0
      '@bazel/typescript': ^5.5.4
      '@types/node': ^18.7.18
      typescript: ^4.8.3
    dependencies:
      '@bazel/buildozer': 5.1.0
    devDependencies:
      '@bazel/typescript': 5.5.4_typescript@4.8.3
      '@types/node': 18.7.18
      typescript: 4.8.3

  app/app-a:
    specifiers:
      pino: ^8.5.0
    dependencies:
      pino: 8.5.0

  lib/lib-a:
    specifiers:
      '@types/lodash': ^4.14.185
      lodash: ^4.17.21
    dependencies:
      lodash: 4.17.21
    devDependencies:
      '@types/lodash': 4.14.185

  lib/lib-data:
    specifiers: {}

packages:

  /@bazel/buildozer/5.1.0:
    resolution: {integrity: sha512-207j8a4872L2mJLSRnatH3m8ll0YYwlUdCd89LVy4IwTZuaa/i8QJWNZoNmfRNvq6nMbCFpyM7ci/FxA2DUUNA==}
    hasBin: true
    dev: false

  /@bazel/typescript/5.5.4_typescript@4.8.3:
    resolution: {integrity: sha512-UyLcon6kiUMcr1PE/Sdyk9D9QEE5WaHPWI6cmaC8kQH0D64fWUWl9BiVwuox9N3DklfaNn9hlK/7SJ6p00gPQw==}
    hasBin: true
    requiresBuild: true
    peerDependencies:
      typescript: '>=3.0.0'
    dependencies:
      '@bazel/worker': 5.5.4
      semver: 5.6.0
      source-map-support: 0.5.9
      tsutils: 3.21.0_typescript@4.8.3
      typescript: 4.8.3
    dev: true

  /@bazel/worker/5.5.4:
    resolution: {integrity: sha512-d6jOWaR44c1WEDpgGdB0qJyaacwm7HF5yrM+15iirqxnSi2Uuk9FBGJ+O3TniSKZsRzgaA/4if2tkRikFnO9Ng==}
    dependencies:
      google-protobuf: 3.21.0
    dev: true

  /@types/lodash/4.14.185:
    resolution: {integrity: sha512-evMDG1bC4rgQg4ku9tKpuMh5iBNEwNa3tf9zRHdP1qlv+1WUg44xat4IxCE14gIpZRGUUWAx2VhItCZc25NfMA==}
    dev: true

  /@types/node/18.7.18:
    resolution: {integrity: sha512-m+6nTEOadJZuTPkKR/SYK3A2d7FZrgElol9UP1Kae90VVU4a6mxnPuLiIW1m4Cq4gZ/nWb9GrdVXJCoCazDAbg==}
    dev: true

  /abort-controller/3.0.0:
    resolution: {integrity: sha512-h8lQ8tacZYnR3vNQTgibj+tODHI5/+l06Au2Pcriv/Gmet0eaj4TwWH41sO9wnHDiQsEj19q0drzdWdeAHtweg==}
    engines: {node: '>=6.5'}
    dependencies:
      event-target-shim: 5.0.1
    dev: false

  /atomic-sleep/1.0.0:
    resolution: {integrity: sha512-kNOjDqAh7px0XWNI+4QbzoiR/nTkHAWNud2uvnJquD1/x5a7EQZMJT0AczqK0Qn67oY/TTQ1LbUKajZpp3I9tQ==}
    engines: {node: '>=8.0.0'}
    dev: false

  /buffer-from/1.1.2:
    resolution: {integrity: sha512-E+XQCRwSbaaiChtv6k6Dwgc+bx+Bs6vuKJHHl5kox/BaKbhiXzqQOwK4cO22yElGp2OCmjwVhT3HmxgyPGnJfQ==}
    dev: true

  /event-target-shim/5.0.1:
    resolution: {integrity: sha512-i/2XbnSz/uxRCU6+NdVJgKWDTM427+MqYbkQzD321DuCQJUqOuJKIA0IM2+W2xtYHdKOmZ4dR6fExsd4SXL+WQ==}
    engines: {node: '>=6'}
    dev: false

  /fast-redact/3.1.2:
    resolution: {integrity: sha512-+0em+Iya9fKGfEQGcd62Yv6onjBmmhV1uh86XVfOU8VwAe6kaFdQCWI9s0/Nnugx5Vd9tdbZ7e6gE2tR9dzXdw==}
    engines: {node: '>=6'}
    dev: false

  /google-protobuf/3.21.0:
    resolution: {integrity: sha512-byR7MBTK4tZ5PZEb+u5ZTzpt4SfrTxv5682MjPlHN16XeqgZE2/8HOIWeiXe8JKnT9OVbtBGhbq8mtvkK8cd5g==}
    dev: true

  /lodash/4.17.21:
    resolution: {integrity: sha512-v2kDEe57lecTulaDIuNTPy3Ry4gLGJ6Z1O3vE1krgXZNrsQ+LFTGHVxVjcXPs17LhbZVGedAJv8XZ1tvj5FvSg==}
    dev: false

  /on-exit-leak-free/2.1.0:
    resolution: {integrity: sha512-VuCaZZAjReZ3vUwgOB8LxAosIurDiAW0s13rI1YwmaP++jvcxP77AWoQvenZebpCA2m8WC1/EosPYPMjnRAp/w==}
    dev: false

  /pino-abstract-transport/1.0.0:
    resolution: {integrity: sha512-c7vo5OpW4wIS42hUVcT5REsL8ZljsUfBjqV/e2sFxmFEFZiq1XLUp5EYLtuDH6PEHq9W1egWqRbnLUP5FuZmOA==}
    dependencies:
      readable-stream: 4.1.0
      split2: 4.1.0
    dev: false

  /pino-std-serializers/6.0.0:
    resolution: {integrity: sha512-mMMOwSKrmyl+Y12Ri2xhH1lbzQxwwpuru9VjyJpgFIH4asSj88F2csdMwN6+M5g1Ll4rmsYghHLQJw81tgZ7LQ==}
    dev: false

  /pino/8.5.0:
    resolution: {integrity: sha512-PuD6sOti8Y+p9zRoNB5dibmfjfM/OU2tEtJFICxw5ulXi1d0qnq/Rt3CsR6aBEAOeyCXP+ZUfiNWW+tt55pNzg==}
    hasBin: true
    dependencies:
      atomic-sleep: 1.0.0
      fast-redact: 3.1.2
      on-exit-leak-free: 2.1.0
      pino-abstract-transport: 1.0.0
      pino-std-serializers: 6.0.0
      process-warning: 2.0.0
      quick-format-unescaped: 4.0.4
      real-require: 0.2.0
      safe-stable-stringify: 2.3.1
      sonic-boom: 3.2.0
      thread-stream: 2.2.0
    dev: false

  /process-warning/2.0.0:
    resolution: {integrity: sha512-+MmoAXoUX+VTHAlwns0h+kFUWFs/3FZy+ZuchkgjyOu3oioLAo2LB5aCfKPh2+P9O18i3m43tUEv3YqttSy0Ww==}
    dev: false

  /quick-format-unescaped/4.0.4:
    resolution: {integrity: sha512-tYC1Q1hgyRuHgloV/YXs2w15unPVh8qfu/qCTfhTYamaw7fyhumKa2yGpdSo87vY32rIclj+4fWYQXUMs9EHvg==}
    dev: false

  /readable-stream/4.1.0:
    resolution: {integrity: sha512-sVisi3+P2lJ2t0BPbpK629j8wRW06yKGJUcaLAGXPAUhyUxVJm7VsCTit1PFgT4JHUDMrGNR+ZjSKpzGaRF3zw==}
    engines: {node: ^12.22.0 || ^14.17.0 || >=16.0.0}
    dependencies:
      abort-controller: 3.0.0
    dev: false

  /real-require/0.2.0:
    resolution: {integrity: sha512-57frrGM/OCTLqLOAh0mhVA9VBMHd+9U7Zb2THMGdBUoZVOtGbJzjxsYGDJ3A9AYYCP4hn6y1TVbaOfzWtm5GFg==}
    engines: {node: '>= 12.13.0'}
    dev: false

  /safe-stable-stringify/2.3.1:
    resolution: {integrity: sha512-kYBSfT+troD9cDA85VDnHZ1rpHC50O0g1e6WlGHVCz/g+JS+9WKLj+XwFYyR8UbrZN8ll9HUpDAAddY58MGisg==}
    engines: {node: '>=10'}
    dev: false

  /semver/5.6.0:
    resolution: {integrity: sha512-RS9R6R35NYgQn++fkDWaOmqGoj4Ek9gGs+DPxNUZKuwE183xjJroKvyo1IzVFeXvUrvmALy6FWD5xrdJT25gMg==}
    hasBin: true
    dev: true

  /sonic-boom/3.2.0:
    resolution: {integrity: sha512-SbbZ+Kqj/XIunvIAgUZRlqd6CGQYq71tRRbXR92Za8J/R3Yh4Av+TWENiSiEgnlwckYLyP0YZQWVfyNC0dzLaA==}
    dependencies:
      atomic-sleep: 1.0.0
    dev: false

  /source-map-support/0.5.9:
    resolution: {integrity: sha512-gR6Rw4MvUlYy83vP0vxoVNzM6t8MUXqNuRsuBmBHQDu1Fh6X015FrLdgoDKcNdkwGubozq0P4N0Q37UyFVr1EA==}
    dependencies:
      buffer-from: 1.1.2
      source-map: 0.6.1
    dev: true

  /source-map/0.6.1:
    resolution: {integrity: sha512-UjgapumWlbMhkBgzT7Ykc5YXUT46F0iKu8SGXq0bcwP5dz/h0Plj6enJqjz1Zbq2l5WaqYnrVbwWOWMyF3F47g==}
    engines: {node: '>=0.10.0'}
    dev: true

  /split2/4.1.0:
    resolution: {integrity: sha512-VBiJxFkxiXRlUIeyMQi8s4hgvKCSjtknJv/LVYbrgALPwf5zSKmEwV9Lst25AkvMDnvxODugjdl6KZgwKM1WYQ==}
    engines: {node: '>= 10.x'}
    dev: false

  /thread-stream/2.2.0:
    resolution: {integrity: sha512-rUkv4/fnb4rqy/gGy7VuqK6wE1+1DOCOWy4RMeaV69ZHMP11tQKZvZSip1yTgrKCMZzEMcCL/bKfHvSfDHx+iQ==}
    dependencies:
      real-require: 0.2.0
    dev: false

  /tslib/1.14.1:
    resolution: {integrity: sha512-Xni35NKzjgMrwevysHTCArtLDpPvye8zV/0E4EyYn43P7/7qvQwPh9BGkHewbMulVntbigmcT7rdX3BNo9wRJg==}
    dev: true

  /tsutils/3.21.0_typescript@4.8.3:
    resolution: {integrity: sha512-mHKK3iUXL+3UF6xL5k0PEhKRUBKPBCv/+RkEOpjRWxxx27KKRBmmA60A9pgOUvMi8GKhRMPEmjBRPzs2W7O1OA==}
    engines: {node: '>= 6'}
    peerDependencies:
      typescript: '>=2.8.0 || >= 3.2.0-dev || >= 3.3.0-dev || >= 3.4.0-dev || >= 3.5.0-dev || >= 3.6.0-dev || >= 3.6.0-beta || >= 3.7.0-dev || >= 3.7.0-beta'
    dependencies:
      tslib: 1.14.1
      typescript: 4.8.3
    dev: true

  /typescript/4.8.3:
    resolution: {integrity: sha512-goMHfm00nWPa8UvR/CPSvykqf6dVV8x/dp0c5mFTMTIu0u0FlGWRioyy7Nn0PGAdHxpJZnuO/ut+PpQ8UiHAig==}
    engines: {node: '>=4.2.0'}
    hasBin: true
    dev: true
